
Microsoft Visual Studio Solution File, Format Version 12.00
# Visual Studio Version 17
VisualStudioVersion = 17.3.32819.101
MinimumVisualStudioVersion = 10.0.40219.1
Project("{FAE04EC0-301F-11D3-BF4B-00C04F79EFBC}") = "Practica2", "Practica1\Practica2.csproj", "{B0A81872-8A63-45C8-AA27-FAA88AEC7F85}"
EndProject
Global
	GlobalSection(SolutionConfigurationPlatforms) = preSolution
		Debug|Any CPU = Debug|Any CPU
		Release|Any CPU = Release|Any CPU
	EndGlobalSection
	GlobalSection(ProjectConfigurationPlatforms) = postSolution
		{B0A81872-8A63-45C8-AA27-FAA88AEC7F85}.Debug|Any CPU.ActiveCfg = Debug|Any CPU
		{B0A81872-8A63-45C8-AA27-FAA88AEC7F85}.Debug|Any CPU.Build.0 = Debug|Any CPU
		{B0A81872-8A63-45C8-AA27-FAA88AEC7F85}.Release|Any CPU.ActiveCfg = Release|Any CPU
		{B0A81872-8A63-45C8-AA27-FAA88AEC7F85}.Release|Any CPU.Build.0 = Release|Any CPU
	EndGlobalSection
	GlobalSection(SolutionProperties) = preSolution
		HideSolutionNode = FALSE
	EndGlobalSection
	GlobalSection(ExtensibilityGlobals) = postSolution
		SolutionGuid = {2781B361-05AC-494B-8B55-53D3D8C4C455}
	EndGlobalSection
EndGlobal
